
Microsoft Visual Studio Solution File, Format Version 12.00
# Visual Studio Version 17
VisualStudioVersion = 17.0.31903.59
MinimumVisualStudioVersion = 10.0.40219.1
Project("{2150E333-8FDC-42A3-9474-1A3956D46DE8}") = "BowlingGame", "BowlingGame", "{25AD65D1-E149-4161-B9F7-13BF5A55492C}"
EndProject
Project("{FAE04EC0-301F-11D3-BF4B-00C04F79EFBC}") = "BowlingGame", "BowlingGame\BowlingGame\BowlingGame.csproj", "{728A65A4-C5F7-498D-96E3-3B290F6161A1}"
EndProject
Project("{FAE04EC0-301F-11D3-BF4B-00C04F79EFBC}") = "BowlingGame.Tests", "BowlingGame\BowlingGame.Tests\BowlingGame.Tests.csproj", "{5A6B828A-32AF-4744-853D-6481975E88B5}"
EndProject
Global
	GlobalSection(SolutionConfigurationPlatforms) = preSolution
		Debug|Any CPU = Debug|Any CPU
		Release|Any CPU = Release|Any CPU
	EndGlobalSection
	GlobalSection(SolutionProperties) = preSolution
		HideSolutionNode = FALSE
	EndGlobalSection
	GlobalSection(ProjectConfigurationPlatforms) = postSolution
		{728A65A4-C5F7-498D-96E3-3B290F6161A1}.Debug|Any CPU.ActiveCfg = Debug|Any CPU
		{728A65A4-C5F7-498D-96E3-3B290F6161A1}.Debug|Any CPU.Build.0 = Debug|Any CPU
		{728A65A4-C5F7-498D-96E3-3B290F6161A1}.Release|Any CPU.ActiveCfg = Release|Any CPU
		{728A65A4-C5F7-498D-96E3-3B290F6161A1}.Release|Any CPU.Build.0 = Release|Any CPU
		{5A6B828A-32AF-4744-853D-6481975E88B5}.Debug|Any CPU.ActiveCfg = Debug|Any CPU
		{5A6B828A-32AF-4744-853D-6481975E88B5}.Debug|Any CPU.Build.0 = Debug|Any CPU
		{5A6B828A-32AF-4744-853D-6481975E88B5}.Release|Any CPU.ActiveCfg = Release|Any CPU
		{5A6B828A-32AF-4744-853D-6481975E88B5}.Release|Any CPU.Build.0 = Release|Any CPU
	EndGlobalSection
	GlobalSection(NestedProjects) = preSolution
		{728A65A4-C5F7-498D-96E3-3B290F6161A1} = {25AD65D1-E149-4161-B9F7-13BF5A55492C}
		{5A6B828A-32AF-4744-853D-6481975E88B5} = {25AD65D1-E149-4161-B9F7-13BF5A55492C}
	EndGlobalSection
EndGlobal
