
Microsoft Visual Studio Solution File, Format Version 12.00
# Visual Studio Version 17
VisualStudioVersion = 17.0.31903.59
MinimumVisualStudioVersion = 10.0.40219.1
Project("{2150E333-8FDC-42A3-9474-1A3956D46DE8}") = "src", "src", "{099B72DB-F60F-438E-B808-08593F52C918}"
EndProject
Project("{FAE04EC0-301F-11D3-BF4B-00C04F79EFBC}") = "ChristmasLights.App", "src\ChristmasLights.App\ChristmasLights.App.csproj", "{9C928636-044C-4EB4-AAE5-2E094B8844C0}"
EndProject
Project("{2150E333-8FDC-42A3-9474-1A3956D46DE8}") = "tests", "tests", "{055A2885-71D6-48BE-AF97-FA4B0FC89E74}"
EndProject
Project("{FAE04EC0-301F-11D3-BF4B-00C04F79EFBC}") = "ChristmasLights.Tests", "tests\ChristmasLights.Tests\ChristmasLights.Tests.csproj", "{B8061A52-9A4E-48D5-97A5-94B42FFBC4BD}"
EndProject
Global
	GlobalSection(SolutionConfigurationPlatforms) = preSolution
		Debug|Any CPU = Debug|Any CPU
		Release|Any CPU = Release|Any CPU
	EndGlobalSection
	GlobalSection(SolutionProperties) = preSolution
		HideSolutionNode = FALSE
	EndGlobalSection
	GlobalSection(ProjectConfigurationPlatforms) = postSolution
		{9C928636-044C-4EB4-AAE5-2E094B8844C0}.Debug|Any CPU.ActiveCfg = Debug|Any CPU
		{9C928636-044C-4EB4-AAE5-2E094B8844C0}.Debug|Any CPU.Build.0 = Debug|Any CPU
		{9C928636-044C-4EB4-AAE5-2E094B8844C0}.Release|Any CPU.ActiveCfg = Release|Any CPU
		{9C928636-044C-4EB4-AAE5-2E094B8844C0}.Release|Any CPU.Build.0 = Release|Any CPU
		{B8061A52-9A4E-48D5-97A5-94B42FFBC4BD}.Debug|Any CPU.ActiveCfg = Debug|Any CPU
		{B8061A52-9A4E-48D5-97A5-94B42FFBC4BD}.Debug|Any CPU.Build.0 = Debug|Any CPU
		{B8061A52-9A4E-48D5-97A5-94B42FFBC4BD}.Release|Any CPU.ActiveCfg = Release|Any CPU
		{B8061A52-9A4E-48D5-97A5-94B42FFBC4BD}.Release|Any CPU.Build.0 = Release|Any CPU
	EndGlobalSection
	GlobalSection(NestedProjects) = preSolution
		{9C928636-044C-4EB4-AAE5-2E094B8844C0} = {099B72DB-F60F-438E-B808-08593F52C918}
		{B8061A52-9A4E-48D5-97A5-94B42FFBC4BD} = {055A2885-71D6-48BE-AF97-FA4B0FC89E74}
	EndGlobalSection
EndGlobal
